
Microsoft Visual Studio Solution File, Format Version 12.00
# Visual Studio Version 17
VisualStudioVersion = 17.9.34728.123
MinimumVisualStudioVersion = 10.0.40219.1
Project("{9A19103F-16F7-4668-BE54-9A1E7A4F7556}") = "Exercise-13-01-05", "Exercise-13-01-05\Exercise-13-01-05.csproj", "{AA35AB48-0952-4F52-8784-39C0CEF81FFF}"
EndProject
Project("{2150E333-8FDC-42A3-9474-1A3956D46DE8}") = "Unit-1", "Unit-1", "{3B561DB2-DD76-4125-B709-8A21D018A59F}"
EndProject
Project("{9A19103F-16F7-4668-BE54-9A1E7A4F7556}") = "Exercise-13-01-06", "Exercise-13-01-06\Exercise-13-01-06.csproj", "{CBE13D1D-8211-4F16-8636-42E0635C6FEE}"
EndProject
Project("{2150E333-8FDC-42A3-9474-1A3956D46DE8}") = "Unit-2", "Unit-2", "{837D88A9-3E54-4464-B1FC-831F688D7D14}"
EndProject
Project("{9A19103F-16F7-4668-BE54-9A1E7A4F7556}") = "Exercise-13-02-001", "Exercise-13-02-001\Exercise-13-02-001.csproj", "{C8D44F25-CE92-43D7-91C2-646D446F1A58}"
EndProject
Project("{9A19103F-16F7-4668-BE54-9A1E7A4F7556}") = "Exercise-13-02-002", "Exercise-13-02-002\Exercise-13-02-002.csproj", "{03C31596-D8F1-49B9-8A05-C43D9F165F8E}"
EndProject
Project("{9A19103F-16F7-4668-BE54-9A1E7A4F7556}") = "Exercise-13-02-05", "Exercise-13-02-05\Exercise-13-02-05.csproj", "{9A118046-16A2-4693-AF2F-81D04D241275}"
EndProject
Project("{9A19103F-16F7-4668-BE54-9A1E7A4F7556}") = "Exercise-13-02-06", "Exercise-13-02-06\Exercise-13-02-06.csproj", "{7C4D135D-158E-407D-AAE4-83757ED2FE6F}"
EndProject
Project("{2150E333-8FDC-42A3-9474-1A3956D46DE8}") = "Unit-3", "Unit-3", "{3B167949-57A9-4F1A-8369-473C5B6A24A8}"
EndProject
Project("{9A19103F-16F7-4668-BE54-9A1E7A4F7556}") = "Exercise-13-03-001", "Exercise-13-03-001\Exercise-13-03-001.csproj", "{BBEA6632-2981-4898-BBD0-E06883CAB829}"
EndProject
Project("{9A19103F-16F7-4668-BE54-9A1E7A4F7556}") = "Exercise-13-03-002", "Exercise-13-03-002\Exercise-13-03-002.csproj", "{1D0F2CE6-D6BC-481B-9179-826FA1ED0711}"
EndProject
Project("{9A19103F-16F7-4668-BE54-9A1E7A4F7556}") = "Exercise-13-03-04", "Exercise-13-03-04\Exercise-13-03-04.csproj", "{B97ECFCC-9CB6-4BC0-A747-6FB42917B51A}"
EndProject
Project("{9A19103F-16F7-4668-BE54-9A1E7A4F7556}") = "Exercise-13-03-05", "Exercise-13-03-05\Exercise-13-03-05.csproj", "{7FCC9D8C-641D-4068-9FA3-39D0927ABC3D}"
EndProject
Project("{9A19103F-16F7-4668-BE54-9A1E7A4F7556}") = "Exercise-13-03-003", "Exercise-13-03-003\Exercise-13-03-003.csproj", "{2C18A87B-51F4-4AEA-AC34-3CD2F6F4AA93}"
EndProject
Project("{9A19103F-16F7-4668-BE54-9A1E7A4F7556}") = "Exercise-13-03-004", "Exercise-13-03-004\Exercise-13-03-004.csproj", "{8D318F59-F7F0-4B7F-B39A-AAF673461CF2}"
EndProject
Project("{9A19103F-16F7-4668-BE54-9A1E7A4F7556}") = "Exercise-13-03-10", "Exercise-13-03-10\Exercise-13-03-10.csproj", "{8B46B36E-E566-4CB2-92DF-39807406DBAF}"
EndProject
Project("{9A19103F-16F7-4668-BE54-9A1E7A4F7556}") = "OwnExerciseTest-01", "OwnExerciseTest-01\OwnExerciseTest-01.csproj", "{62633772-D708-4D78-8207-E3AAC2DD710B}"
EndProject
Project("{2150E333-8FDC-42A3-9474-1A3956D46DE8}") = "Unit-4", "Unit-4", "{5A1165C5-AA77-40D9-8359-B86FB73B5B74}"
EndProject
Project("{FAE04EC0-301F-11D3-BF4B-00C04F79EFBC}") = "Exercise-13-04-001", "Exercise-13-04-001\Exercise-13-04-001.csproj", "{391F6D30-4934-4803-BDA2-977C69C91139}"
EndProject
Global
	GlobalSection(SolutionConfigurationPlatforms) = preSolution
		Debug|Any CPU = Debug|Any CPU
		Release|Any CPU = Release|Any CPU
	EndGlobalSection
	GlobalSection(ProjectConfigurationPlatforms) = postSolution
		{AA35AB48-0952-4F52-8784-39C0CEF81FFF}.Debug|Any CPU.ActiveCfg = Debug|Any CPU
		{AA35AB48-0952-4F52-8784-39C0CEF81FFF}.Debug|Any CPU.Build.0 = Debug|Any CPU
		{AA35AB48-0952-4F52-8784-39C0CEF81FFF}.Release|Any CPU.ActiveCfg = Release|Any CPU
		{AA35AB48-0952-4F52-8784-39C0CEF81FFF}.Release|Any CPU.Build.0 = Release|Any CPU
		{CBE13D1D-8211-4F16-8636-42E0635C6FEE}.Debug|Any CPU.ActiveCfg = Debug|Any CPU
		{CBE13D1D-8211-4F16-8636-42E0635C6FEE}.Debug|Any CPU.Build.0 = Debug|Any CPU
		{CBE13D1D-8211-4F16-8636-42E0635C6FEE}.Release|Any CPU.ActiveCfg = Release|Any CPU
		{CBE13D1D-8211-4F16-8636-42E0635C6FEE}.Release|Any CPU.Build.0 = Release|Any CPU
		{C8D44F25-CE92-43D7-91C2-646D446F1A58}.Debug|Any CPU.ActiveCfg = Debug|Any CPU
		{C8D44F25-CE92-43D7-91C2-646D446F1A58}.Debug|Any CPU.Build.0 = Debug|Any CPU
		{C8D44F25-CE92-43D7-91C2-646D446F1A58}.Release|Any CPU.ActiveCfg = Release|Any CPU
		{C8D44F25-CE92-43D7-91C2-646D446F1A58}.Release|Any CPU.Build.0 = Release|Any CPU
		{03C31596-D8F1-49B9-8A05-C43D9F165F8E}.Debug|Any CPU.ActiveCfg = Debug|Any CPU
		{03C31596-D8F1-49B9-8A05-C43D9F165F8E}.Debug|Any CPU.Build.0 = Debug|Any CPU
		{03C31596-D8F1-49B9-8A05-C43D9F165F8E}.Release|Any CPU.ActiveCfg = Release|Any CPU
		{03C31596-D8F1-49B9-8A05-C43D9F165F8E}.Release|Any CPU.Build.0 = Release|Any CPU
		{9A118046-16A2-4693-AF2F-81D04D241275}.Debug|Any CPU.ActiveCfg = Debug|Any CPU
		{9A118046-16A2-4693-AF2F-81D04D241275}.Debug|Any CPU.Build.0 = Debug|Any CPU
		{9A118046-16A2-4693-AF2F-81D04D241275}.Release|Any CPU.ActiveCfg = Release|Any CPU
		{9A118046-16A2-4693-AF2F-81D04D241275}.Release|Any CPU.Build.0 = Release|Any CPU
		{7C4D135D-158E-407D-AAE4-83757ED2FE6F}.Debug|Any CPU.ActiveCfg = Debug|Any CPU
		{7C4D135D-158E-407D-AAE4-83757ED2FE6F}.Debug|Any CPU.Build.0 = Debug|Any CPU
		{7C4D135D-158E-407D-AAE4-83757ED2FE6F}.Release|Any CPU.ActiveCfg = Release|Any CPU
		{7C4D135D-158E-407D-AAE4-83757ED2FE6F}.Release|Any CPU.Build.0 = Release|Any CPU
		{BBEA6632-2981-4898-BBD0-E06883CAB829}.Debug|Any CPU.ActiveCfg = Debug|Any CPU
		{BBEA6632-2981-4898-BBD0-E06883CAB829}.Debug|Any CPU.Build.0 = Debug|Any CPU
		{BBEA6632-2981-4898-BBD0-E06883CAB829}.Release|Any CPU.ActiveCfg = Release|Any CPU
		{BBEA6632-2981-4898-BBD0-E06883CAB829}.Release|Any CPU.Build.0 = Release|Any CPU
		{1D0F2CE6-D6BC-481B-9179-826FA1ED0711}.Debug|Any CPU.ActiveCfg = Debug|Any CPU
		{1D0F2CE6-D6BC-481B-9179-826FA1ED0711}.Debug|Any CPU.Build.0 = Debug|Any CPU
		{1D0F2CE6-D6BC-481B-9179-826FA1ED0711}.Release|Any CPU.ActiveCfg = Release|Any CPU
		{1D0F2CE6-D6BC-481B-9179-826FA1ED0711}.Release|Any CPU.Build.0 = Release|Any CPU
		{B97ECFCC-9CB6-4BC0-A747-6FB42917B51A}.Debug|Any CPU.ActiveCfg = Debug|Any CPU
		{B97ECFCC-9CB6-4BC0-A747-6FB42917B51A}.Debug|Any CPU.Build.0 = Debug|Any CPU
		{B97ECFCC-9CB6-4BC0-A747-6FB42917B51A}.Release|Any CPU.ActiveCfg = Release|Any CPU
		{B97ECFCC-9CB6-4BC0-A747-6FB42917B51A}.Release|Any CPU.Build.0 = Release|Any CPU
		{7FCC9D8C-641D-4068-9FA3-39D0927ABC3D}.Debug|Any CPU.ActiveCfg = Debug|Any CPU
		{7FCC9D8C-641D-4068-9FA3-39D0927ABC3D}.Debug|Any CPU.Build.0 = Debug|Any CPU
		{7FCC9D8C-641D-4068-9FA3-39D0927ABC3D}.Release|Any CPU.ActiveCfg = Release|Any CPU
		{7FCC9D8C-641D-4068-9FA3-39D0927ABC3D}.Release|Any CPU.Build.0 = Release|Any CPU
		{2C18A87B-51F4-4AEA-AC34-3CD2F6F4AA93}.Debug|Any CPU.ActiveCfg = Debug|Any CPU
		{2C18A87B-51F4-4AEA-AC34-3CD2F6F4AA93}.Debug|Any CPU.Build.0 = Debug|Any CPU
		{2C18A87B-51F4-4AEA-AC34-3CD2F6F4AA93}.Release|Any CPU.ActiveCfg = Release|Any CPU
		{2C18A87B-51F4-4AEA-AC34-3CD2F6F4AA93}.Release|Any CPU.Build.0 = Release|Any CPU
		{8D318F59-F7F0-4B7F-B39A-AAF673461CF2}.Debug|Any CPU.ActiveCfg = Debug|Any CPU
		{8D318F59-F7F0-4B7F-B39A-AAF673461CF2}.Debug|Any CPU.Build.0 = Debug|Any CPU
		{8D318F59-F7F0-4B7F-B39A-AAF673461CF2}.Release|Any CPU.ActiveCfg = Release|Any CPU
		{8D318F59-F7F0-4B7F-B39A-AAF673461CF2}.Release|Any CPU.Build.0 = Release|Any CPU
		{8B46B36E-E566-4CB2-92DF-39807406DBAF}.Debug|Any CPU.ActiveCfg = Debug|Any CPU
		{8B46B36E-E566-4CB2-92DF-39807406DBAF}.Debug|Any CPU.Build.0 = Debug|Any CPU
		{8B46B36E-E566-4CB2-92DF-39807406DBAF}.Release|Any CPU.ActiveCfg = Release|Any CPU
		{8B46B36E-E566-4CB2-92DF-39807406DBAF}.Release|Any CPU.Build.0 = Release|Any CPU
		{62633772-D708-4D78-8207-E3AAC2DD710B}.Debug|Any CPU.ActiveCfg = Debug|Any CPU
		{62633772-D708-4D78-8207-E3AAC2DD710B}.Debug|Any CPU.Build.0 = Debug|Any CPU
		{62633772-D708-4D78-8207-E3AAC2DD710B}.Release|Any CPU.ActiveCfg = Release|Any CPU
		{62633772-D708-4D78-8207-E3AAC2DD710B}.Release|Any CPU.Build.0 = Release|Any CPU
		{391F6D30-4934-4803-BDA2-977C69C91139}.Debug|Any CPU.ActiveCfg = Debug|Any CPU
		{391F6D30-4934-4803-BDA2-977C69C91139}.Debug|Any CPU.Build.0 = Debug|Any CPU
		{391F6D30-4934-4803-BDA2-977C69C91139}.Release|Any CPU.ActiveCfg = Release|Any CPU
		{391F6D30-4934-4803-BDA2-977C69C91139}.Release|Any CPU.Build.0 = Release|Any CPU
	EndGlobalSection
	GlobalSection(SolutionProperties) = preSolution
		HideSolutionNode = FALSE
	EndGlobalSection
	GlobalSection(NestedProjects) = preSolution
		{AA35AB48-0952-4F52-8784-39C0CEF81FFF} = {3B561DB2-DD76-4125-B709-8A21D018A59F}
		{CBE13D1D-8211-4F16-8636-42E0635C6FEE} = {3B561DB2-DD76-4125-B709-8A21D018A59F}
		{C8D44F25-CE92-43D7-91C2-646D446F1A58} = {837D88A9-3E54-4464-B1FC-831F688D7D14}
		{03C31596-D8F1-49B9-8A05-C43D9F165F8E} = {837D88A9-3E54-4464-B1FC-831F688D7D14}
		{9A118046-16A2-4693-AF2F-81D04D241275} = {837D88A9-3E54-4464-B1FC-831F688D7D14}
		{7C4D135D-158E-407D-AAE4-83757ED2FE6F} = {837D88A9-3E54-4464-B1FC-831F688D7D14}
		{BBEA6632-2981-4898-BBD0-E06883CAB829} = {3B167949-57A9-4F1A-8369-473C5B6A24A8}
		{1D0F2CE6-D6BC-481B-9179-826FA1ED0711} = {3B167949-57A9-4F1A-8369-473C5B6A24A8}
		{B97ECFCC-9CB6-4BC0-A747-6FB42917B51A} = {3B167949-57A9-4F1A-8369-473C5B6A24A8}
		{7FCC9D8C-641D-4068-9FA3-39D0927ABC3D} = {3B167949-57A9-4F1A-8369-473C5B6A24A8}
		{2C18A87B-51F4-4AEA-AC34-3CD2F6F4AA93} = {3B167949-57A9-4F1A-8369-473C5B6A24A8}
		{8D318F59-F7F0-4B7F-B39A-AAF673461CF2} = {3B167949-57A9-4F1A-8369-473C5B6A24A8}
		{8B46B36E-E566-4CB2-92DF-39807406DBAF} = {3B167949-57A9-4F1A-8369-473C5B6A24A8}
		{62633772-D708-4D78-8207-E3AAC2DD710B} = {3B167949-57A9-4F1A-8369-473C5B6A24A8}
		{391F6D30-4934-4803-BDA2-977C69C91139} = {5A1165C5-AA77-40D9-8359-B86FB73B5B74}
	EndGlobalSection
	GlobalSection(ExtensibilityGlobals) = postSolution
		SolutionGuid = {8137BEA0-BD39-4B33-B9AB-02F1902F553C}
	EndGlobalSection
EndGlobal
